
Microsoft Visual Studio Solution File, Format Version 12.00
# Visual Studio Version 16
VisualStudioVersion = 16.0.31005.135
MinimumVisualStudioVersion = 10.0.40219.1
Project("{FAE04EC0-301F-11D3-BF4B-00C04F79EFBC}") = "bubble-sort", "bubble-sort\bubble-sort.csproj", "{83A5D1B5-E5AC-448E-953F-B57C560F0383}"
EndProject
Global
	GlobalSection(SolutionConfigurationPlatforms) = preSolution
		Debug|Any CPU = Debug|Any CPU
		Release|Any CPU = Release|Any CPU
	EndGlobalSection
	GlobalSection(ProjectConfigurationPlatforms) = postSolution
		{83A5D1B5-E5AC-448E-953F-B57C560F0383}.Debug|Any CPU.ActiveCfg = Debug|Any CPU
		{83A5D1B5-E5AC-448E-953F-B57C560F0383}.Debug|Any CPU.Build.0 = Debug|Any CPU
		{83A5D1B5-E5AC-448E-953F-B57C560F0383}.Release|Any CPU.ActiveCfg = Release|Any CPU
		{83A5D1B5-E5AC-448E-953F-B57C560F0383}.Release|Any CPU.Build.0 = Release|Any CPU
	EndGlobalSection
	GlobalSection(SolutionProperties) = preSolution
		HideSolutionNode = FALSE
	EndGlobalSection
	GlobalSection(ExtensibilityGlobals) = postSolution
		SolutionGuid = {3887AD7E-8D4D-40DA-A82F-CB4236EE30D1}
	EndGlobalSection
EndGlobal
