
Microsoft Visual Studio Solution File, Format Version 12.00
# Visual Studio Version 16
VisualStudioVersion = 16.0.31005.135
MinimumVisualStudioVersion = 10.0.40219.1
Project("{FAE04EC0-301F-11D3-BF4B-00C04F79EFBC}") = "insertion-sort", "insertion-sort\insertion-sort.csproj", "{79A663D2-9313-4FBE-BA39-B2F730973EA1}"
EndProject
Global
	GlobalSection(SolutionConfigurationPlatforms) = preSolution
		Debug|Any CPU = Debug|Any CPU
		Release|Any CPU = Release|Any CPU
	EndGlobalSection
	GlobalSection(ProjectConfigurationPlatforms) = postSolution
		{79A663D2-9313-4FBE-BA39-B2F730973EA1}.Debug|Any CPU.ActiveCfg = Debug|Any CPU
		{79A663D2-9313-4FBE-BA39-B2F730973EA1}.Debug|Any CPU.Build.0 = Debug|Any CPU
		{79A663D2-9313-4FBE-BA39-B2F730973EA1}.Release|Any CPU.ActiveCfg = Release|Any CPU
		{79A663D2-9313-4FBE-BA39-B2F730973EA1}.Release|Any CPU.Build.0 = Release|Any CPU
	EndGlobalSection
	GlobalSection(SolutionProperties) = preSolution
		HideSolutionNode = FALSE
	EndGlobalSection
	GlobalSection(ExtensibilityGlobals) = postSolution
		SolutionGuid = {3E23F7BF-2BF4-437F-BECD-CDE703CC7DF0}
	EndGlobalSection
EndGlobal
